
Microsoft Visual Studio Solution File, Format Version 12.00
# Visual Studio Version 16
VisualStudioVersion = 16.0.31729.503
MinimumVisualStudioVersion = 10.0.40219.1
Project("{8BC9CEB8-8B4A-11D0-8D11-00A0C91BC942}") = "AroundTheClock", "AroundTheClock\AroundTheClock.vcxproj", "{7AEBF1C2-D2E6-484F-8A66-2D8C0B6B02FB}"
	ProjectSection(ProjectDependencies) = postProject
		{89755822-86E3-4209-8C0E-C03B9BF95018} = {89755822-86E3-4209-8C0E-C03B9BF95018}
		{A9F01342-5463-4634-B1F9-BF98CD5591B0} = {A9F01342-5463-4634-B1F9-BF98CD5591B0}
		{71AF75A0-52B6-4C1B-8E56-CB31C6741A18} = {71AF75A0-52B6-4C1B-8E56-CB31C6741A18}
		{013851C3-3FCE-48E6-A3FD-21019751F7C0} = {013851C3-3FCE-48E6-A3FD-21019751F7C0}
	EndProjectSection
EndProject
Project("{8BC9CEB8-8B4A-11D0-8D11-00A0C91BC942}") = "MicroGrid", "MicroGrid\MicroGrid.vcxproj", "{85BFABB0-C1E7-4DC5-837A-15EF8B050EFA}"
	ProjectSection(ProjectDependencies) = postProject
		{A9F01342-5463-4634-B1F9-BF98CD5591B0} = {A9F01342-5463-4634-B1F9-BF98CD5591B0}
		{71AF75A0-52B6-4C1B-8E56-CB31C6741A18} = {71AF75A0-52B6-4C1B-8E56-CB31C6741A18}
		{013851C3-3FCE-48E6-A3FD-21019751F7C0} = {013851C3-3FCE-48E6-A3FD-21019751F7C0}
	EndProjectSection
EndProject
Project("{8BC9CEB8-8B4A-11D0-8D11-00A0C91BC942}") = "CHAI3D", "Submodules\Chai3D\CHAI3D-VS2015.vcxproj", "{A9F01342-5463-4634-B1F9-BF98CD5591B0}"
EndProject
Project("{8BC9CEB8-8B4A-11D0-8D11-00A0C91BC942}") = "glfw", "Submodules\Chai3D\extras\GLFW\glfw-VS2015.vcxproj", "{71AF75A0-52B6-4C1B-8E56-CB31C6741A18}"
EndProject
Project("{8BC9CEB8-8B4A-11D0-8D11-00A0C91BC942}") = "CHAI3D-OCULUS", "Submodules\Chai3D\modules\OCULUS\CHAI3D-OCULUS-VS2015.vcxproj", "{013851C3-3FCE-48E6-A3FD-21019751F7C0}"
EndProject
Project("{8BC9CEB8-8B4A-11D0-8D11-00A0C91BC942}") = "CHAI3D-BULLET", "Submodules\Chai3D\modules\BULLET\CHAI3D-BULLET-VS2015.vcxproj", "{89755822-86E3-4209-8C0E-C03B9BF95018}"
EndProject
Project("{8BC9CEB8-8B4A-11D0-8D11-00A0C91BC942}") = "03-oculus-exploration", "03-oculus-exploration\03-oculus-exploration.vcxproj", "{29D42E3E-C259-4A6B-8581-9DFE4FF01C72}"
	ProjectSection(ProjectDependencies) = postProject
		{A9F01342-5463-4634-B1F9-BF98CD5591B0} = {A9F01342-5463-4634-B1F9-BF98CD5591B0}
		{36A3C28A-B798-4238-B1ED-A7A9B6E8817E} = {36A3C28A-B798-4238-B1ED-A7A9B6E8817E}
		{71AF75A0-52B6-4C1B-8E56-CB31C6741A18} = {71AF75A0-52B6-4C1B-8E56-CB31C6741A18}
		{013851C3-3FCE-48E6-A3FD-21019751F7C0} = {013851C3-3FCE-48E6-A3FD-21019751F7C0}
	EndProjectSection
EndProject
Project("{8BC9CEB8-8B4A-11D0-8D11-00A0C91BC942}") = "CHAI3D-ODE", "Submodules\Chai3D\modules\ODE\CHAI3D-ODE-VS2015.vcxproj", "{36A3C28A-B798-4238-B1ED-A7A9B6E8817E}"
EndProject
Global
	GlobalSection(SolutionConfigurationPlatforms) = preSolution
		Debug|x64 = Debug|x64
		Debug|x86 = Debug|x86
		Release|x64 = Release|x64
		Release|x86 = Release|x86
	EndGlobalSection
	GlobalSection(ProjectConfigurationPlatforms) = postSolution
		{7AEBF1C2-D2E6-484F-8A66-2D8C0B6B02FB}.Debug|x64.ActiveCfg = Debug|x64
		{7AEBF1C2-D2E6-484F-8A66-2D8C0B6B02FB}.Debug|x64.Build.0 = Debug|x64
		{7AEBF1C2-D2E6-484F-8A66-2D8C0B6B02FB}.Debug|x86.ActiveCfg = Debug|Win32
		{7AEBF1C2-D2E6-484F-8A66-2D8C0B6B02FB}.Debug|x86.Build.0 = Debug|Win32
		{7AEBF1C2-D2E6-484F-8A66-2D8C0B6B02FB}.Release|x64.ActiveCfg = Release|x64
		{7AEBF1C2-D2E6-484F-8A66-2D8C0B6B02FB}.Release|x64.Build.0 = Release|x64
		{7AEBF1C2-D2E6-484F-8A66-2D8C0B6B02FB}.Release|x86.ActiveCfg = Release|Win32
		{7AEBF1C2-D2E6-484F-8A66-2D8C0B6B02FB}.Release|x86.Build.0 = Release|Win32
		{85BFABB0-C1E7-4DC5-837A-15EF8B050EFA}.Debug|x64.ActiveCfg = Debug|x64
		{85BFABB0-C1E7-4DC5-837A-15EF8B050EFA}.Debug|x64.Build.0 = Debug|x64
		{85BFABB0-C1E7-4DC5-837A-15EF8B050EFA}.Debug|x86.ActiveCfg = Debug|Win32
		{85BFABB0-C1E7-4DC5-837A-15EF8B050EFA}.Debug|x86.Build.0 = Debug|Win32
		{85BFABB0-C1E7-4DC5-837A-15EF8B050EFA}.Release|x64.ActiveCfg = Release|x64
		{85BFABB0-C1E7-4DC5-837A-15EF8B050EFA}.Release|x64.Build.0 = Release|x64
		{85BFABB0-C1E7-4DC5-837A-15EF8B050EFA}.Release|x86.ActiveCfg = Release|Win32
		{85BFABB0-C1E7-4DC5-837A-15EF8B050EFA}.Release|x86.Build.0 = Release|Win32
		{A9F01342-5463-4634-B1F9-BF98CD5591B0}.Debug|x64.ActiveCfg = Debug|x64
		{A9F01342-5463-4634-B1F9-BF98CD5591B0}.Debug|x64.Build.0 = Debug|x64
		{A9F01342-5463-4634-B1F9-BF98CD5591B0}.Debug|x86.ActiveCfg = Debug|Win32
		{A9F01342-5463-4634-B1F9-BF98CD5591B0}.Debug|x86.Build.0 = Debug|Win32
		{A9F01342-5463-4634-B1F9-BF98CD5591B0}.Release|x64.ActiveCfg = Release|x64
		{A9F01342-5463-4634-B1F9-BF98CD5591B0}.Release|x64.Build.0 = Release|x64
		{A9F01342-5463-4634-B1F9-BF98CD5591B0}.Release|x86.ActiveCfg = Release|Win32
		{A9F01342-5463-4634-B1F9-BF98CD5591B0}.Release|x86.Build.0 = Release|Win32
		{71AF75A0-52B6-4C1B-8E56-CB31C6741A18}.Debug|x64.ActiveCfg = Debug|x64
		{71AF75A0-52B6-4C1B-8E56-CB31C6741A18}.Debug|x64.Build.0 = Debug|x64
		{71AF75A0-52B6-4C1B-8E56-CB31C6741A18}.Debug|x86.ActiveCfg = Debug|Win32
		{71AF75A0-52B6-4C1B-8E56-CB31C6741A18}.Debug|x86.Build.0 = Debug|Win32
		{71AF75A0-52B6-4C1B-8E56-CB31C6741A18}.Release|x64.ActiveCfg = Release|x64
		{71AF75A0-52B6-4C1B-8E56-CB31C6741A18}.Release|x64.Build.0 = Release|x64
		{71AF75A0-52B6-4C1B-8E56-CB31C6741A18}.Release|x86.ActiveCfg = Release|Win32
		{71AF75A0-52B6-4C1B-8E56-CB31C6741A18}.Release|x86.Build.0 = Release|Win32
		{013851C3-3FCE-48E6-A3FD-21019751F7C0}.Debug|x64.ActiveCfg = Debug|x64
		{013851C3-3FCE-48E6-A3FD-21019751F7C0}.Debug|x64.Build.0 = Debug|x64
		{013851C3-3FCE-48E6-A3FD-21019751F7C0}.Debug|x86.ActiveCfg = Debug|Win32
		{013851C3-3FCE-48E6-A3FD-21019751F7C0}.Debug|x86.Build.0 = Debug|Win32
		{013851C3-3FCE-48E6-A3FD-21019751F7C0}.Release|x64.ActiveCfg = Release|x64
		{013851C3-3FCE-48E6-A3FD-21019751F7C0}.Release|x64.Build.0 = Release|x64
		{013851C3-3FCE-48E6-A3FD-21019751F7C0}.Release|x86.ActiveCfg = Release|Win32
		{013851C3-3FCE-48E6-A3FD-21019751F7C0}.Release|x86.Build.0 = Release|Win32
		{89755822-86E3-4209-8C0E-C03B9BF95018}.Debug|x64.ActiveCfg = Debug|x64
		{89755822-86E3-4209-8C0E-C03B9BF95018}.Debug|x64.Build.0 = Debug|x64
		{89755822-86E3-4209-8C0E-C03B9BF95018}.Debug|x86.ActiveCfg = Debug|Win32
		{89755822-86E3-4209-8C0E-C03B9BF95018}.Debug|x86.Build.0 = Debug|Win32
		{89755822-86E3-4209-8C0E-C03B9BF95018}.Release|x64.ActiveCfg = Release|x64
		{89755822-86E3-4209-8C0E-C03B9BF95018}.Release|x64.Build.0 = Release|x64
		{89755822-86E3-4209-8C0E-C03B9BF95018}.Release|x86.ActiveCfg = Release|Win32
		{89755822-86E3-4209-8C0E-C03B9BF95018}.Release|x86.Build.0 = Release|Win32
		{29D42E3E-C259-4A6B-8581-9DFE4FF01C72}.Debug|x64.ActiveCfg = Debug|x64
		{29D42E3E-C259-4A6B-8581-9DFE4FF01C72}.Debug|x64.Build.0 = Debug|x64
		{29D42E3E-C259-4A6B-8581-9DFE4FF01C72}.Debug|x86.ActiveCfg = Debug|Win32
		{29D42E3E-C259-4A6B-8581-9DFE4FF01C72}.Debug|x86.Build.0 = Debug|Win32
		{29D42E3E-C259-4A6B-8581-9DFE4FF01C72}.Release|x64.ActiveCfg = Release|x64
		{29D42E3E-C259-4A6B-8581-9DFE4FF01C72}.Release|x64.Build.0 = Release|x64
		{29D42E3E-C259-4A6B-8581-9DFE4FF01C72}.Release|x86.ActiveCfg = Release|Win32
		{29D42E3E-C259-4A6B-8581-9DFE4FF01C72}.Release|x86.Build.0 = Release|Win32
		{36A3C28A-B798-4238-B1ED-A7A9B6E8817E}.Debug|x64.ActiveCfg = Debug|x64
		{36A3C28A-B798-4238-B1ED-A7A9B6E8817E}.Debug|x64.Build.0 = Debug|x64
		{36A3C28A-B798-4238-B1ED-A7A9B6E8817E}.Debug|x86.ActiveCfg = Debug|Win32
		{36A3C28A-B798-4238-B1ED-A7A9B6E8817E}.Debug|x86.Build.0 = Debug|Win32
		{36A3C28A-B798-4238-B1ED-A7A9B6E8817E}.Release|x64.ActiveCfg = Release|x64
		{36A3C28A-B798-4238-B1ED-A7A9B6E8817E}.Release|x64.Build.0 = Release|x64
		{36A3C28A-B798-4238-B1ED-A7A9B6E8817E}.Release|x86.ActiveCfg = Release|Win32
		{36A3C28A-B798-4238-B1ED-A7A9B6E8817E}.Release|x86.Build.0 = Release|Win32
	EndGlobalSection
	GlobalSection(SolutionProperties) = preSolution
		HideSolutionNode = FALSE
	EndGlobalSection
	GlobalSection(ExtensibilityGlobals) = postSolution
		SolutionGuid = {8459D9E9-A305-4641-8762-EA65FF360D63}
	EndGlobalSection
EndGlobal
